
Microsoft Visual Studio Solution File, Format Version 12.00
# Visual Studio Version 16
VisualStudioVersion = 16.0.29709.97
MinimumVisualStudioVersion = 10.0.40219.1
Project("{FAE04EC0-301F-11D3-BF4B-00C04F79EFBC}") = "WakeMyTv", "WakeMyTv\WakeMyTv.csproj", "{66579988-55D6-4EE4-8DCD-8E2FEDCFC27E}"
EndProject
Global
	GlobalSection(SolutionConfigurationPlatforms) = preSolution
		Debug|Any CPU = Debug|Any CPU
		Release|Any CPU = Release|Any CPU
	EndGlobalSection
	GlobalSection(ProjectConfigurationPlatforms) = postSolution
		{66579988-55D6-4EE4-8DCD-8E2FEDCFC27E}.Debug|Any CPU.ActiveCfg = Debug|Any CPU
		{66579988-55D6-4EE4-8DCD-8E2FEDCFC27E}.Debug|Any CPU.Build.0 = Debug|Any CPU
		{66579988-55D6-4EE4-8DCD-8E2FEDCFC27E}.Release|Any CPU.ActiveCfg = Release|Any CPU
		{66579988-55D6-4EE4-8DCD-8E2FEDCFC27E}.Release|Any CPU.Build.0 = Release|Any CPU
	EndGlobalSection
	GlobalSection(SolutionProperties) = preSolution
		HideSolutionNode = FALSE
	EndGlobalSection
	GlobalSection(ExtensibilityGlobals) = postSolution
		SolutionGuid = {241C2C21-0472-4106-96D4-82076437A179}
	EndGlobalSection
EndGlobal
